
Microsoft Visual Studio Solution File, Format Version 12.00
# Visual Studio 2012
Project("{FAE04EC0-301F-11D3-BF4B-00C04F79EFBC}") = "monogameJam", "FollowFootstep\monogameJam.csproj", "{ACBC7858-42F8-4E30-82D5-BAD234B8A3C4}"
EndProject
Global
	GlobalSection(SolutionConfigurationPlatforms) = preSolution
		Debug|Any CPU = Debug|Any CPU
		Release|Any CPU = Release|Any CPU
	EndGlobalSection
	GlobalSection(ProjectConfigurationPlatforms) = postSolution
		{ACBC7858-42F8-4E30-82D5-BAD234B8A3C4}.Debug|Any CPU.ActiveCfg = Debug|Any CPU
		{ACBC7858-42F8-4E30-82D5-BAD234B8A3C4}.Debug|Any CPU.Build.0 = Debug|Any CPU
		{ACBC7858-42F8-4E30-82D5-BAD234B8A3C4}.Release|Any CPU.ActiveCfg = Release|Any CPU
		{ACBC7858-42F8-4E30-82D5-BAD234B8A3C4}.Release|Any CPU.Build.0 = Release|Any CPU
	EndGlobalSection
	GlobalSection(SolutionProperties) = preSolution
		HideSolutionNode = FALSE
	EndGlobalSection
EndGlobal
